
Microsoft Visual Studio Solution File, Format Version 12.00
# Visual Studio Version 16
VisualStudioVersion = 16.0.30114.105
MinimumVisualStudioVersion = 10.0.40219.1
Project("{FAE04EC0-301F-11D3-BF4B-00C04F79EFBC}") = "Producer", "Producer\Producer.csproj", "{783AB75E-3FA3-4E4B-B3D8-3BE438F7879B}"
EndProject
Project("{FAE04EC0-301F-11D3-BF4B-00C04F79EFBC}") = "Consumer", "Consumer\Consumer.csproj", "{5C2407FF-9F94-4C9D-87AC-03F0BBB99D26}"
EndProject
Global
	GlobalSection(SolutionConfigurationPlatforms) = preSolution
		Debug|Any CPU = Debug|Any CPU
		Release|Any CPU = Release|Any CPU
	EndGlobalSection
	GlobalSection(SolutionProperties) = preSolution
		HideSolutionNode = FALSE
	EndGlobalSection
	GlobalSection(ProjectConfigurationPlatforms) = postSolution
		{783AB75E-3FA3-4E4B-B3D8-3BE438F7879B}.Debug|Any CPU.ActiveCfg = Debug|Any CPU
		{783AB75E-3FA3-4E4B-B3D8-3BE438F7879B}.Debug|Any CPU.Build.0 = Debug|Any CPU
		{783AB75E-3FA3-4E4B-B3D8-3BE438F7879B}.Release|Any CPU.ActiveCfg = Release|Any CPU
		{783AB75E-3FA3-4E4B-B3D8-3BE438F7879B}.Release|Any CPU.Build.0 = Release|Any CPU
		{5C2407FF-9F94-4C9D-87AC-03F0BBB99D26}.Debug|Any CPU.ActiveCfg = Debug|Any CPU
		{5C2407FF-9F94-4C9D-87AC-03F0BBB99D26}.Debug|Any CPU.Build.0 = Debug|Any CPU
		{5C2407FF-9F94-4C9D-87AC-03F0BBB99D26}.Release|Any CPU.ActiveCfg = Release|Any CPU
		{5C2407FF-9F94-4C9D-87AC-03F0BBB99D26}.Release|Any CPU.Build.0 = Release|Any CPU
	EndGlobalSection
EndGlobal
