
Microsoft Visual Studio Solution File, Format Version 12.00
# Visual Studio Version 17
VisualStudioVersion = 17.3.32811.315
MinimumVisualStudioVersion = 10.0.40219.1
Project("{FAE04EC0-301F-11D3-BF4B-00C04F79EFBC}") = "SerializerAndDeserializer", "SerializerAndDeserializer\SerializerAndDeserializer.csproj", "{B1BE7CAC-60D0-44B3-BC9B-27D4AD230B92}"
EndProject
Project("{FAE04EC0-301F-11D3-BF4B-00C04F79EFBC}") = "Core", "Core\Core.csproj", "{B67A1489-6989-48CE-909F-0CE114046E8F}"
EndProject
Project("{FAE04EC0-301F-11D3-BF4B-00C04F79EFBC}") = "ProducerAck", "ProducerAck\ProducerAck.csproj", "{EFD33ACB-2FC0-4620-815D-8230F6F807DA}"
EndProject
Global
	GlobalSection(SolutionConfigurationPlatforms) = preSolution
		Debug|Any CPU = Debug|Any CPU
		Release|Any CPU = Release|Any CPU
	EndGlobalSection
	GlobalSection(ProjectConfigurationPlatforms) = postSolution
		{B1BE7CAC-60D0-44B3-BC9B-27D4AD230B92}.Debug|Any CPU.ActiveCfg = Debug|Any CPU
		{B1BE7CAC-60D0-44B3-BC9B-27D4AD230B92}.Debug|Any CPU.Build.0 = Debug|Any CPU
		{B1BE7CAC-60D0-44B3-BC9B-27D4AD230B92}.Release|Any CPU.ActiveCfg = Release|Any CPU
		{B1BE7CAC-60D0-44B3-BC9B-27D4AD230B92}.Release|Any CPU.Build.0 = Release|Any CPU
		{B67A1489-6989-48CE-909F-0CE114046E8F}.Debug|Any CPU.ActiveCfg = Debug|Any CPU
		{B67A1489-6989-48CE-909F-0CE114046E8F}.Debug|Any CPU.Build.0 = Debug|Any CPU
		{B67A1489-6989-48CE-909F-0CE114046E8F}.Release|Any CPU.ActiveCfg = Release|Any CPU
		{B67A1489-6989-48CE-909F-0CE114046E8F}.Release|Any CPU.Build.0 = Release|Any CPU
		{EFD33ACB-2FC0-4620-815D-8230F6F807DA}.Debug|Any CPU.ActiveCfg = Debug|Any CPU
		{EFD33ACB-2FC0-4620-815D-8230F6F807DA}.Debug|Any CPU.Build.0 = Debug|Any CPU
		{EFD33ACB-2FC0-4620-815D-8230F6F807DA}.Release|Any CPU.ActiveCfg = Release|Any CPU
		{EFD33ACB-2FC0-4620-815D-8230F6F807DA}.Release|Any CPU.Build.0 = Release|Any CPU
	EndGlobalSection
	GlobalSection(SolutionProperties) = preSolution
		HideSolutionNode = FALSE
	EndGlobalSection
	GlobalSection(ExtensibilityGlobals) = postSolution
		SolutionGuid = {5566F7F3-2CF6-423E-B4D3-D526CF3D1B01}
	EndGlobalSection
EndGlobal
